// !$*UTF8*$!
{
	archiveVersion = 1;
	classes = {
	};
	objectVersion = 51;
	objects = {

/* Begin PBXBuildFile section */
		2CB4FDC1CE4811CEF12A4FB3 /* Pods_Snapchat.framework in Frameworks */ = {isa = PBXBuildFile; fileRef = 8A9D55A30937CB7DCB451FB4 /* Pods_Snapchat.framework */; };
		A851C5CA2729C69700A391D3 /* AppDelegate.swift in Sources */ = {isa = PBXBuildFile; fileRef = A851C5C92729C69700A391D3 /* AppDelegate.swift */; };
		A851C5CC2729C69700A391D3 /* SceneDelegate.swift in Sources */ = {isa = PBXBuildFile; fileRef = A851C5CB2729C69700A391D3 /* SceneDelegate.swift */; };
		A851C5CE2729C69700A391D3 /* inicioSesionViewController.swift in Sources */ = {isa = PBXBuildFile; fileRef = A851C5CD2729C69700A391D3 /* inicioSesionViewController.swift */; };
		A851C5D12729C69700A391D3 /* Main.storyboard in Resources */ = {isa = PBXBuildFile; fileRef = A851C5CF2729C69700A391D3 /* Main.storyboard */; };
		A851C5D32729C69800A391D3 /* Assets.xcassets in Resources */ = {isa = PBXBuildFile; fileRef = A851C5D22729C69800A391D3 /* Assets.xcassets */; };
		A851C5D62729C69800A391D3 /* LaunchScreen.storyboard in Resources */ = {isa = PBXBuildFile; fileRef = A851C5D42729C69800A391D3 /* LaunchScreen.storyboard */; };
		A851C5DE2729C80400A391D3 /* GoogleService-Info.plist in Resources */ = {isa = PBXBuildFile; fileRef = A851C5DD2729C80400A391D3 /* GoogleService-Info.plist */; };
		A851C604272B299100A391D3 /* HomeViewController.swift in Sources */ = {isa = PBXBuildFile; fileRef = A851C603272B299100A391D3 /* HomeViewController.swift */; };
		A851C606272B2F7C00A391D3 /* SnapSendViewController.swift in Sources */ = {isa = PBXBuildFile; fileRef = A851C605272B2F7C00A391D3 /* SnapSendViewController.swift */; };
/* End PBXBuildFile section */

/* Begin PBXFileReference section */
		8A9D55A30937CB7DCB451FB4 /* Pods_Snapchat.framework */ = {isa = PBXFileReference; explicitFileType = wrapper.framework; includeInIndex = 0; path = Pods_Snapchat.framework; sourceTree = BUILT_PRODUCTS_DIR; };
		A3124AC15CED763CF21F4CD2 /* Pods-Snapchat.debug.xcconfig */ = {isa = PBXFileReference; includeInIndex = 1; lastKnownFileType = text.xcconfig; name = "Pods-Snapchat.debug.xcconfig"; path = "Target Support Files/Pods-Snapchat/Pods-Snapchat.debug.xcconfig"; sourceTree = "<group>"; };
		A851C5C62729C69700A391D3 /* Snapchat.app */ = {isa = PBXFileReference; explicitFileType = wrapper.application; includeInIndex = 0; path = Snapchat.app; sourceTree = BUILT_PRODUCTS_DIR; };
		A851C5C92729C69700A391D3 /* AppDelegate.swift */ = {isa = PBXFileReference; lastKnownFileType = sourcecode.swift; path = AppDelegate.swift; sourceTree = "<group>"; };
		A851C5CB2729C69700A391D3 /* SceneDelegate.swift */ = {isa = PBXFileReference; lastKnownFileType = sourcecode.swift; path = SceneDelegate.swift; sourceTree = "<group>"; };
		A851C5CD2729C69700A391D3 /* inicioSesionViewController.swift */ = {isa = PBXFileReference; lastKnownFileType = sourcecode.swift; path = inicioSesionViewController.swift; sourceTree = "<group>"; };
		A851C5D02729C69700A391D3 /* Base */ = {isa = PBXFileReference; lastKnownFileType = file.storyboard; name = Base; path = Base.lproj/Main.storyboard; sourceTree = "<group>"; };
		A851C5D22729C69800A391D3 /* Assets.xcassets */ = {isa = PBXFileReference; lastKnownFileType = folder.assetcatalog; path = Assets.xcassets; sourceTree = "<group>"; };
		A851C5D52729C69800A391D3 /* Base */ = {isa = PBXFileReference; lastKnownFileType = file.storyboard; name = Base; path = Base.lproj/LaunchScreen.storyboard; sourceTree = "<group>"; };
		A851C5D72729C69800A391D3 /* Info.plist */ = {isa = PBXFileReference; lastKnownFileType = text.plist.xml; path = Info.plist; sourceTree = "<group>"; };
		A851C5DD2729C80400A391D3 /* GoogleService-Info.plist */ = {isa = PBXFileReference; fileEncoding = 4; lastKnownFileType = text.plist.xml; name = "GoogleService-Info.plist"; path = "../../GoogleService-Info.plist"; sourceTree = "<group>"; };
		A851C603272B299100A391D3 /* HomeViewController.swift */ = {isa = PBXFileReference; lastKnownFileType = sourcecode.swift; path = HomeViewController.swift; sourceTree = "<group>"; };
		A851C605272B2F7C00A391D3 /* SnapSendViewController.swift */ = {isa = PBXFileReference; lastKnownFileType = sourcecode.swift; path = SnapSendViewController.swift; sourceTree = "<group>"; };
		E79D815AC2EB95B6A77AAD80 /* Pods-Snapchat.release.xcconfig */ = {isa = PBXFileReference; includeInIndex = 1; lastKnownFileType = text.xcconfig; name = "Pods-Snapchat.release.xcconfig"; path = "Target Support Files/Pods-Snapchat/Pods-Snapchat.release.xcconfig"; sourceTree = "<group>"; };
/* End PBXFileReference section */

/* Begin PBXFrameworksBuildPhase section */
		A851C5C32729C69700A391D3 /* Frameworks */ = {
			isa = PBXFrameworksBuildPhase;
			buildActionMask = 2147483647;
			files = (
				2CB4FDC1CE4811CEF12A4FB3 /* Pods_Snapchat.framework in Frameworks */,
			);
			runOnlyForDeploymentPostprocessing = 0;
		};
/* End PBXFrameworksBuildPhase section */

/* Begin PBXGroup section */
		A851C5BD2729C69700A391D3 = {
			isa = PBXGroup;
			children = (
				A851C5C82729C69700A391D3 /* Snapchat */,
				A851C5C72729C69700A391D3 /* Products */,
				DAE4DD8EF475A14299C2BB7F /* Pods */,
				D6A37CD3C3D4371DEEDDD38F /* Frameworks */,
			);
			sourceTree = "<group>";
		};
		A851C5C72729C69700A391D3 /* Products */ = {
			isa = PBXGroup;
			children = (
				A851C5C62729C69700A391D3 /* Snapchat.app */,
			);
			name = Products;
			sourceTree = "<group>";
		};
		A851C5C82729C69700A391D3 /* Snapchat */ = {
			isa = PBXGroup;
			children = (
				A851C5C92729C69700A391D3 /* AppDelegate.swift */,
				A851C5CB2729C69700A391D3 /* SceneDelegate.swift */,
				A851C5CD2729C69700A391D3 /* inicioSesionViewController.swift */,
				A851C5CF2729C69700A391D3 /* Main.storyboard */,
				A851C5D22729C69800A391D3 /* Assets.xcassets */,
				A851C5D42729C69800A391D3 /* LaunchScreen.storyboard */,
				A851C5D72729C69800A391D3 /* Info.plist */,
				A851C5DD2729C80400A391D3 /* GoogleService-Info.plist */,
				A851C603272B299100A391D3 /* HomeViewController.swift */,
				A851C605272B2F7C00A391D3 /* SnapSendViewController.swift */,
			);
			path = Snapchat;
			sourceTree = "<group>";
		};
		D6A37CD3C3D4371DEEDDD38F /* Frameworks */ = {
			isa = PBXGroup;
			children = (
				8A9D55A30937CB7DCB451FB4 /* Pods_Snapchat.framework */,
			);
			name = Frameworks;
			sourceTree = "<group>";
		};
		DAE4DD8EF475A14299C2BB7F /* Pods */ = {
			isa = PBXGroup;
			children = (
				A3124AC15CED763CF21F4CD2 /* Pods-Snapchat.debug.xcconfig */,
				E79D815AC2EB95B6A77AAD80 /* Pods-Snapchat.release.xcconfig */,
			);
			path = Pods;
			sourceTree = "<group>";
		};
/* End PBXGroup section */

/* Begin PBXNativeTarget section */
		A851C5C52729C69700A391D3 /* Snapchat */ = {
			isa = PBXNativeTarget;
			buildConfigurationList = A851C5DA2729C69800A391D3 /* Build configuration list for PBXNativeTarget "Snapchat" */;
			buildPhases = (
				F6E6EF38842C30247DC3BD0E /* [CP] Check Pods Manifest.lock */,
				A851C5C22729C69700A391D3 /* Sources */,
				A851C5C32729C69700A391D3 /* Frameworks */,
				A851C5C42729C69700A391D3 /* Resources */,
				DEB0E24C0773E103D47B7089 /* [CP] Embed Pods Frameworks */,
			);
			buildRules = (
			);
			dependencies = (
			);
			name = Snapchat;
			productName = Snapchat;
			productReference = A851C5C62729C69700A391D3 /* Snapchat.app */;
			productType = "com.apple.product-type.application";
		};
/* End PBXNativeTarget section */

/* Begin PBXProject section */
		A851C5BE2729C69700A391D3 /* Project object */ = {
			isa = PBXProject;
			attributes = {
				LastSwiftUpdateCheck = 1130;
				LastUpgradeCheck = 1130;
				ORGANIZATIONNAME = Kaarstthenn;
				TargetAttributes = {
					A851C5C52729C69700A391D3 = {
						CreatedOnToolsVersion = 11.3;
					};
				};
			};
			buildConfigurationList = A851C5C12729C69700A391D3 /* Build configuration list for PBXProject "Snapchat" */;
			compatibilityVersion = "Xcode 9.3";
			developmentRegion = en;
			hasScannedForEncodings = 0;
			knownRegions = (
				en,
				Base,
			);
			mainGroup = A851C5BD2729C69700A391D3;
			productRefGroup = A851C5C72729C69700A391D3 /* Products */;
			projectDirPath = "";
			projectRoot = "";
			targets = (
				A851C5C52729C69700A391D3 /* Snapchat */,
			);
		};
/* End PBXProject section */

/* Begin PBXResourcesBuildPhase section */
		A851C5C42729C69700A391D3 /* Resources */ = {
			isa = PBXResourcesBuildPhase;
			buildActionMask = 2147483647;
			files = (
				A851C5D62729C69800A391D3 /* LaunchScreen.storyboard in Resources */,
				A851C5DE2729C80400A391D3 /* GoogleService-Info.plist in Resources */,
				A851C5D32729C69800A391D3 /* Assets.xcassets in Resources */,
				A851C5D12729C69700A391D3 /* Main.storyboard in Resources */,
			);
			runOnlyForDeploymentPostprocessing = 0;
		};
/* End PBXResourcesBuildPhase section */

/* Begin PBXShellScriptBuildPhase section */
		DEB0E24C0773E103D47B7089 /* [CP] Embed Pods Frameworks */ = {
			isa = PBXShellScriptBuildPhase;
			buildActionMask = 2147483647;
			files = (
			);
			inputFileListPaths = (
				"${PODS_ROOT}/Target Support Files/Pods-Snapchat/Pods-Snapchat-frameworks-${CONFIGURATION}-input-files.xcfilelist",
			);
			name = "[CP] Embed Pods Frameworks";
			outputFileListPaths = (
				"${PODS_ROOT}/Target Support Files/Pods-Snapchat/Pods-Snapchat-frameworks-${CONFIGURATION}-output-files.xcfilelist",
			);
			runOnlyForDeploymentPostprocessing = 0;
			shellPath = /bin/sh;
			shellScript = "\"${PODS_ROOT}/Target Support Files/Pods-Snapchat/Pods-Snapchat-frameworks.sh\"\n";
			showEnvVarsInLog = 0;
		};
		F6E6EF38842C30247DC3BD0E /* [CP] Check Pods Manifest.lock */ = {
			isa = PBXShellScriptBuildPhase;
			buildActionMask = 2147483647;
			files = (
			);
			inputFileListPaths = (
			);
			inputPaths = (
				"${PODS_PODFILE_DIR_PATH}/Podfile.lock",
				"${PODS_ROOT}/Manifest.lock",
			);
			name = "[CP] Check Pods Manifest.lock";
			outputFileListPaths = (
			);
			outputPaths = (
				"$(DERIVED_FILE_DIR)/Pods-Snapchat-checkManifestLockResult.txt",
			);
			runOnlyForDeploymentPostprocessing = 0;
			shellPath = /bin/sh;
			shellScript = "diff \"${PODS_PODFILE_DIR_PATH}/Podfile.lock\" \"${PODS_ROOT}/Manifest.lock\" > /dev/null\nif [ $? != 0 ] ; then\n    # print error to STDERR\n    echo \"error: The sandbox is not in sync with the Podfile.lock. Run 'pod install' or update your CocoaPods installation.\" >&2\n    exit 1\nfi\n# This output is used by Xcode 'outputs' to avoid re-running this script phase.\necho \"SUCCESS\" > \"${SCRIPT_OUTPUT_FILE_0}\"\n";
			showEnvVarsInLog = 0;
		};
/* End PBXShellScriptBuildPhase section */

/* Begin PBXSourcesBuildPhase section */
		A851C5C22729C69700A391D3 /* Sources */ = {
			isa = PBXSourcesBuildPhase;
			buildActionMask = 2147483647;
			files = (
				A851C5CE2729C69700A391D3 /* inicioSesionViewController.swift in Sources */,
				A851C5CA2729C69700A391D3 /* AppDelegate.swift in Sources */,
				A851C5CC2729C69700A391D3 /* SceneDelegate.swift in Sources */,
				A851C604272B299100A391D3 /* HomeViewController.swift in Sources */,
				A851C606272B2F7C00A391D3 /* SnapSendViewController.swift in Sources */,
			);
			runOnlyForDeploymentPostprocessing = 0;
		};
/* End PBXSourcesBuildPhase section */

/* Begin PBXVariantGroup section */
		A851C5CF2729C69700A391D3 /* Main.storyboard */ = {
			isa = PBXVariantGroup;
			children = (
				A851C5D02729C69700A391D3 /* Base */,
			);
			name = Main.storyboard;
			sourceTree = "<group>";
		};
		A851C5D42729C69800A391D3 /* LaunchScreen.storyboard */ = {
			isa = PBXVariantGroup;
			children = (
				A851C5D52729C69800A391D3 /* Base */,
			);
			name = LaunchScreen.storyboard;
			sourceTree = "<group>";
		};
/* End PBXVariantGroup section */

/* Begin XCBuildConfiguration section */
		A851C5D82729C69800A391D3 /* Debug */ = {
			isa = XCBuildConfiguration;
			buildSettings = {
				ALWAYS_SEARCH_USER_PATHS = NO;
				CLANG_ANALYZER_NONNULL = YES;
				CLANG_ANALYZER_NUMBER_OBJECT_CONVERSION = YES_AGGRESSIVE;
				CLANG_CXX_LANGUAGE_STANDARD = "gnu++14";
				CLANG_CXX_LIBRARY = "libc++";
				CLANG_ENABLE_MODULES = YES;
				CLANG_ENABLE_OBJC_ARC = YES;
				CLANG_ENABLE_OBJC_WEAK = YES;
				CLANG_WARN_BLOCK_CAPTURE_AUTORELEASING = YES;
				CLANG_WARN_BOOL_CONVERSION = YES;
				CLANG_WARN_COMMA = YES;
				CLANG_WARN_CONSTANT_CONVERSION = YES;
				CLANG_WARN_DEPRECATED_OBJC_IMPLEMENTATIONS = YES;
				CLANG_WARN_DIRECT_OBJC_ISA_USAGE = YES_ERROR;
				CLANG_WARN_DOCUMENTATION_COMMENTS = YES;
				CLANG_WARN_EMPTY_BODY = YES;
				CLANG_WARN_ENUM_CONVERSION = YES;
				CLANG_WARN_INFINITE_RECURSION = YES;
				CLANG_WARN_INT_CONVERSION = YES;
				CLANG_WARN_NON_LITERAL_NULL_CONVERSION = YES;
				CLANG_WARN_OBJC_IMPLICIT_RETAIN_SELF = YES;
				CLANG_WARN_OBJC_LITERAL_CONVERSION = YES;
				CLANG_WARN_OBJC_ROOT_CLASS = YES_ERROR;
				CLANG_WARN_RANGE_LOOP_ANALYSIS = YES;
				CLANG_WARN_STRICT_PROTOTYPES = YES;
				CLANG_WARN_SUSPICIOUS_MOVE = YES;
				CLANG_WARN_UNGUARDED_AVAILABILITY = YES_AGGRESSIVE;
				CLANG_WARN_UNREACHABLE_CODE = YES;
				CLANG_WARN__DUPLICATE_METHOD_MATCH = YES;
				COPY_PHASE_STRIP = NO;
				DEBUG_INFORMATION_FORMAT = dwarf;
				ENABLE_STRICT_OBJC_MSGSEND = YES;
				ENABLE_TESTABILITY = YES;
				GCC_C_LANGUAGE_STANDARD = gnu11;
				GCC_DYNAMIC_NO_PIC = NO;
				GCC_NO_COMMON_BLOCKS = YES;
				GCC_OPTIMIZATION_LEVEL = 0;
				GCC_PREPROCESSOR_DEFINITIONS = (
					"DEBUG=1",
					"$(inherited)",
				);
				GCC_WARN_64_TO_32_BIT_CONVERSION = YES;
				GCC_WARN_ABOUT_RETURN_TYPE = YES_ERROR;
				GCC_WARN_UNDECLARED_SELECTOR = YES;
				GCC_WARN_UNINITIALIZED_AUTOS = YES_AGGRESSIVE;
				GCC_WARN_UNUSED_FUNCTION = YES;
				GCC_WARN_UNUSED_VARIABLE = YES;
				IPHONEOS_DEPLOYMENT_TARGET = 13.2;
				MTL_ENABLE_DEBUG_INFO = INCLUDE_SOURCE;
				MTL_FAST_MATH = YES;
				ONLY_ACTIVE_ARCH = YES;
				SDKROOT = iphoneos;
				SWIFT_ACTIVE_COMPILATION_CONDITIONS = DEBUG;
				SWIFT_OPTIMIZATION_LEVEL = "-Onone";
			};
			name = Debug;
		};
		A851C5D92729C69800A391D3 /* Release */ = {
			isa = XCBuildConfiguration;
			buildSettings = {
				ALWAYS_SEARCH_USER_PATHS = NO;
				CLANG_ANALYZER_NONNULL = YES;
				CLANG_ANALYZER_NUMBER_OBJECT_CONVERSION = YES_AGGRESSIVE;
				CLANG_CXX_LANGUAGE_STANDARD = "gnu++14";
				CLANG_CXX_LIBRARY = "libc++";
				CLANG_ENABLE_MODULES = YES;
				CLANG_ENABLE_OBJC_ARC = YES;
				CLANG_ENABLE_OBJC_WEAK = YES;
				CLANG_WARN_BLOCK_CAPTURE_AUTORELEASING = YES;
				CLANG_WARN_BOOL_CONVERSION = YES;
				CLANG_WARN_COMMA = YES;
				CLANG_WARN_CONSTANT_CONVERSION = YES;
				CLANG_WARN_DEPRECATED_OBJC_IMPLEMENTATIONS = YES;
				CLANG_WARN_DIRECT_OBJC_ISA_USAGE = YES_ERROR;
				CLANG_WARN_DOCUMENTATION_COMMENTS = YES;
				CLANG_WARN_EMPTY_BODY = YES;
				CLANG_WARN_ENUM_CONVERSION = YES;
				CLANG_WARN_INFINITE_RECURSION = YES;
				CLANG_WARN_INT_CONVERSION = YES;
				CLANG_WARN_NON_LITERAL_NULL_CONVERSION = YES;
				CLANG_WARN_OBJC_IMPLICIT_RETAIN_SELF = YES;
				CLANG_WARN_OBJC_LITERAL_CONVERSION = YES;
				CLANG_WARN_OBJC_ROOT_CLASS = YES_ERROR;
				CLANG_WARN_RANGE_LOOP_ANALYSIS = YES;
				CLANG_WARN_STRICT_PROTOTYPES = YES;
				CLANG_WARN_SUSPICIOUS_MOVE = YES;
				CLANG_WARN_UNGUARDED_AVAILABILITY = YES_AGGRESSIVE;
				CLANG_WARN_UNREACHABLE_CODE = YES;
				CLANG_WARN__DUPLICATE_METHOD_MATCH = YES;
				COPY_PHASE_STRIP = NO;
				DEBUG_INFORMATION_FORMAT = "dwarf-with-dsym";
				ENABLE_NS_ASSERTIONS = NO;
				ENABLE_STRICT_OBJC_MSGSEND = YES;
				GCC_C_LANGUAGE_STANDARD = gnu11;
				GCC_NO_COMMON_BLOCKS = YES;
				GCC_WARN_64_TO_32_BIT_CONVERSION = YES;
				GCC_WARN_ABOUT_RETURN_TYPE = YES_ERROR;
				GCC_WARN_UNDECLARED_SELECTOR = YES;
				GCC_WARN_UNINITIALIZED_AUTOS = YES_AGGRESSIVE;
				GCC_WARN_UNUSED_FUNCTION = YES;
				GCC_WARN_UNUSED_VARIABLE = YES;
				IPHONEOS_DEPLOYMENT_TARGET = 13.2;
				MTL_ENABLE_DEBUG_INFO = NO;
				MTL_FAST_MATH = YES;
				SDKROOT = iphoneos;
				SWIFT_COMPILATION_MODE = wholemodule;
				SWIFT_OPTIMIZATION_LEVEL = "-O";
				VALIDATE_PRODUCT = YES;
			};
			name = Release;
		};
		A851C5DB2729C69800A391D3 /* Debug */ = {
			isa = XCBuildConfiguration;
			baseConfigurationReference = A3124AC15CED763CF21F4CD2 /* Pods-Snapchat.debug.xcconfig */;
			buildSettings = {
				ASSETCATALOG_COMPILER_APPICON_NAME = AppIcon;
				CODE_SIGN_STYLE = Automatic;
				DEVELOPMENT_TEAM = ZL6H46W8C2;
				INFOPLIST_FILE = Snapchat/Info.plist;
				IPHONEOS_DEPLOYMENT_TARGET = 12.1;
				LD_RUNPATH_SEARCH_PATHS = (
					"$(inherited)",
					"@executable_path/Frameworks",
				);
				PRODUCT_BUNDLE_IDENTIFIER = com.kaarstthenn.Snapchat;
				PRODUCT_NAME = "$(TARGET_NAME)";
				SWIFT_VERSION = 5.0;
				TARGETED_DEVICE_FAMILY = "1,2";
			};
			name = Debug;
		};
		A851C5DC2729C69800A391D3 /* Release */ = {
			isa = XCBuildConfiguration;
			baseConfigurationReference = E79D815AC2EB95B6A77AAD80 /* Pods-Snapchat.release.xcconfig */;
			buildSettings = {
				ASSETCATALOG_COMPILER_APPICON_NAME = AppIcon;
				CODE_SIGN_STYLE = Automatic;
				DEVELOPMENT_TEAM = ZL6H46W8C2;
				INFOPLIST_FILE = Snapchat/Info.plist;
				IPHONEOS_DEPLOYMENT_TARGET = 12.1;
				LD_RUNPATH_SEARCH_PATHS = (
					"$(inherited)",
					"@executable_path/Frameworks",
				);
				PRODUCT_BUNDLE_IDENTIFIER = com.kaarstthenn.Snapchat;
				PRODUCT_NAME = "$(TARGET_NAME)";
				SWIFT_VERSION = 5.0;
				TARGETED_DEVICE_FAMILY = "1,2";
			};
			name = Release;
		};
/* End XCBuildConfiguration section */

/* Begin XCConfigurationList section */
		A851C5C12729C69700A391D3 /* Build configuration list for PBXProject "Snapchat" */ = {
			isa = XCConfigurationList;
			buildConfigurations = (
				A851C5D82729C69800A391D3 /* Debug */,
				A851C5D92729C69800A391D3 /* Release */,
			);
			defaultConfigurationIsVisible = 0;
			defaultConfigurationName = Release;
		};
		A851C5DA2729C69800A391D3 /* Build configuration list for PBXNativeTarget "Snapchat" */ = {
			isa = XCConfigurationList;
			buildConfigurations = (
				A851C5DB2729C69800A391D3 /* Debug */,
				A851C5DC2729C69800A391D3 /* Release */,
			);
			defaultConfigurationIsVisible = 0;
			defaultConfigurationName = Release;
		};
/* End XCConfigurationList section */
	};
	rootObject = A851C5BE2729C69700A391D3 /* Project object */;
}
